
Microsoft Visual Studio Solution File, Format Version 12.00
# Visual Studio Version 17
VisualStudioVersion = 17.13.35919.96 d17.13
MinimumVisualStudioVersion = 10.0.40219.1
Project("{FAE04EC0-301F-11D3-BF4B-00C04F79EFBC}") = "StudentGrade", "StudentGrade\StudentGrade.csproj", "{8559A51A-DFBD-4D6E-9A86-88FDA7283293}"
EndProject
Global
	GlobalSection(SolutionConfigurationPlatforms) = preSolution
		Debug|Any CPU = Debug|Any CPU
		Release|Any CPU = Release|Any CPU
	EndGlobalSection
	GlobalSection(ProjectConfigurationPlatforms) = postSolution
		{8559A51A-DFBD-4D6E-9A86-88FDA7283293}.Debug|Any CPU.ActiveCfg = Debug|Any CPU
		{8559A51A-DFBD-4D6E-9A86-88FDA7283293}.Debug|Any CPU.Build.0 = Debug|Any CPU
		{8559A51A-DFBD-4D6E-9A86-88FDA7283293}.Release|Any CPU.ActiveCfg = Release|Any CPU
		{8559A51A-DFBD-4D6E-9A86-88FDA7283293}.Release|Any CPU.Build.0 = Release|Any CPU
	EndGlobalSection
	GlobalSection(SolutionProperties) = preSolution
		HideSolutionNode = FALSE
	EndGlobalSection
	GlobalSection(ExtensibilityGlobals) = postSolution
		SolutionGuid = {AA84D521-4118-486F-A3A6-1E397B4290D5}
	EndGlobalSection
EndGlobal
